
Microsoft Visual Studio Solution File, Format Version 12.00
# Visual Studio Version 16
VisualStudioVersion = 16.0.31129.286
MinimumVisualStudioVersion = 10.0.40219.1
Project("{2150E333-8FDC-42A3-9474-1A3956D46DE8}") = "XUnitTestFramework", "XUnitTestFramework", "{3A6BAE41-09EB-43C5-82DE-B0641278D892}"
EndProject
Project("{9A19103F-16F7-4668-BE54-9A1E7A4F7556}") = "XUnitTest.App", "XUnitTest.App\XUnitTest.App.csproj", "{DD763174-4487-4832-827C-29316AB4F17B}"
EndProject
Project("{9A19103F-16F7-4668-BE54-9A1E7A4F7556}") = "XUnitTest.Test", "XUnitTest.Test\XUnitTest.Test.csproj", "{508591A9-792F-46B1-AA42-181B76DCF9B3}"
EndProject
Project("{2150E333-8FDC-42A3-9474-1A3956D46DE8}") = "MVCProject", "MVCProject", "{EF435DC8-79CA-4204-9E00-9F560C933BF4}"
EndProject
Project("{9A19103F-16F7-4668-BE54-9A1E7A4F7556}") = "UnitTest.Web", "UnitTest.Web\UnitTest.Web.csproj", "{400278B4-6DA3-4621-AFFA-41C33C9D06E5}"
EndProject
Project("{FAE04EC0-301F-11D3-BF4B-00C04F79EFBC}") = "UnitTest.Web.Test", "UnitTest.Web.Test\UnitTest.Web.Test.csproj", "{E98EFA99-6EAC-47D2-B9BB-D5BC1889037A}"
EndProject
Global
	GlobalSection(SolutionConfigurationPlatforms) = preSolution
		Debug|Any CPU = Debug|Any CPU
		Release|Any CPU = Release|Any CPU
	EndGlobalSection
	GlobalSection(ProjectConfigurationPlatforms) = postSolution
		{DD763174-4487-4832-827C-29316AB4F17B}.Debug|Any CPU.ActiveCfg = Debug|Any CPU
		{DD763174-4487-4832-827C-29316AB4F17B}.Debug|Any CPU.Build.0 = Debug|Any CPU
		{DD763174-4487-4832-827C-29316AB4F17B}.Release|Any CPU.ActiveCfg = Release|Any CPU
		{DD763174-4487-4832-827C-29316AB4F17B}.Release|Any CPU.Build.0 = Release|Any CPU
		{508591A9-792F-46B1-AA42-181B76DCF9B3}.Debug|Any CPU.ActiveCfg = Debug|Any CPU
		{508591A9-792F-46B1-AA42-181B76DCF9B3}.Debug|Any CPU.Build.0 = Debug|Any CPU
		{508591A9-792F-46B1-AA42-181B76DCF9B3}.Release|Any CPU.ActiveCfg = Release|Any CPU
		{508591A9-792F-46B1-AA42-181B76DCF9B3}.Release|Any CPU.Build.0 = Release|Any CPU
		{400278B4-6DA3-4621-AFFA-41C33C9D06E5}.Debug|Any CPU.ActiveCfg = Debug|Any CPU
		{400278B4-6DA3-4621-AFFA-41C33C9D06E5}.Debug|Any CPU.Build.0 = Debug|Any CPU
		{400278B4-6DA3-4621-AFFA-41C33C9D06E5}.Release|Any CPU.ActiveCfg = Release|Any CPU
		{400278B4-6DA3-4621-AFFA-41C33C9D06E5}.Release|Any CPU.Build.0 = Release|Any CPU
		{E98EFA99-6EAC-47D2-B9BB-D5BC1889037A}.Debug|Any CPU.ActiveCfg = Debug|Any CPU
		{E98EFA99-6EAC-47D2-B9BB-D5BC1889037A}.Debug|Any CPU.Build.0 = Debug|Any CPU
		{E98EFA99-6EAC-47D2-B9BB-D5BC1889037A}.Release|Any CPU.ActiveCfg = Release|Any CPU
		{E98EFA99-6EAC-47D2-B9BB-D5BC1889037A}.Release|Any CPU.Build.0 = Release|Any CPU
	EndGlobalSection
	GlobalSection(SolutionProperties) = preSolution
		HideSolutionNode = FALSE
	EndGlobalSection
	GlobalSection(NestedProjects) = preSolution
		{DD763174-4487-4832-827C-29316AB4F17B} = {3A6BAE41-09EB-43C5-82DE-B0641278D892}
		{508591A9-792F-46B1-AA42-181B76DCF9B3} = {3A6BAE41-09EB-43C5-82DE-B0641278D892}
		{400278B4-6DA3-4621-AFFA-41C33C9D06E5} = {EF435DC8-79CA-4204-9E00-9F560C933BF4}
		{E98EFA99-6EAC-47D2-B9BB-D5BC1889037A} = {EF435DC8-79CA-4204-9E00-9F560C933BF4}
	EndGlobalSection
	GlobalSection(ExtensibilityGlobals) = postSolution
		SolutionGuid = {740CDE58-B3A5-47EC-9C2A-79482F9E58A4}
	EndGlobalSection
EndGlobal
